{
  "name": "@gis/shared",
  "version": "0.0.0",
  "lockfileVersion": 3,
  "requires": true,
  "packages": {
    "": {
      "name": "@gis/shared",
      "version": "0.0.0",
      "dependencies": {
        "zod": "^4.0.0",
        "zod-openapi": "^5.4.5"
      }
    },
    "../../node_modules/.pnpm/zod@4.2.1/node_modules/zod": {
      "version": "4.2.1",
      "license": "MIT",
      "peer": true,
      "funding": {
        "url": "https://github.com/sponsors/colinhacks"
      }
    },
    "node_modules/zod": {
      "resolved": "../../node_modules/.pnpm/zod@4.2.1/node_modules/zod",
      "link": true
    },
    "node_modules/zod-openapi": {
      "version": "5.4.5",
      "resolved": "https://registry.npmjs.org/zod-openapi/-/zod-openapi-5.4.5.tgz",
      "integrity": "sha512-DVLBNsnggh8k/Yq7qp+NeQCH6JuLIyGzUQWA1wN5+7DpQJSwC7WYR/2lE6uQDmGcS/X6l4tUyYFpeG4nk3nOpA==",
      "license": "MIT",
      "engines": {
        "node": ">=20"
      },
      "funding": {
        "url": "https://github.com/samchungy/zod-openapi?sponsor=1"
      },
      "peerDependencies": {
        "zod": "^3.25.74 || ^4.0.0"
      }
    }
  }
}
